
Microsoft Visual Studio Solution File, Format Version 12.00
# Visual Studio 15
VisualStudioVersion = 15.0.28307.168
MinimumVisualStudioVersion = 10.0.40219.1
Project("{8BC9CEB8-8B4A-11D0-8D11-00A0C91BC942}") = "Palmtree.Math.Core.Uint", "Palmtree.Math.Core.Uint\Palmtree.Math.Core.Uint.vcxproj", "{2B4D6366-1DD5-4E4D-920B-8FDDDF1AAAB9}"
EndProject
Project("{8BC9CEB8-8B4A-11D0-8D11-00A0C91BC942}") = "Palmtree.idebug", "Palmtree.idebug\Palmtree.idebug.vcxproj", "{8A66F70A-1518-47CC-85D3-AB9236160C6A}"
	ProjectSection(ProjectDependencies) = postProject
		{2B4D6366-1DD5-4E4D-920B-8FDDDF1AAAB9} = {2B4D6366-1DD5-4E4D-920B-8FDDDF1AAAB9}
	EndProjectSection
EndProject
Project("{FAE04EC0-301F-11D3-BF4B-00C04F79EFBC}") = "Palmtree.Math.Experiment", "Palmtree.Math.Experiment\Palmtree.Math.Experiment.csproj", "{8A0F0C31-51F4-4292-AA04-FAF1A20590B7}"
EndProject
Project("{FAE04EC0-301F-11D3-BF4B-00C04F79EFBC}") = "Palmtree.Math.Core.Uint.CodeGen.InlineFunc", "Palmtree.Math.Core.Uint.CodeGen.InlineFunc\Palmtree.Math.Core.Uint.CodeGen.InlineFunc.csproj", "{9A77A2BE-3529-45BA-A471-3294827AA7E0}"
EndProject
Project("{FAE04EC0-301F-11D3-BF4B-00C04F79EFBC}") = "Palmtree.Math.Core.Uint.CodeGen.TestPattern", "Palmtree.Math.Core.Uint.CodeGen.TestPattern\Palmtree.Math.Core.Uint.CodeGen.TestPattern.csproj", "{F2B6928E-DE8C-43A5-B1E3-C9423A5EB700}"
EndProject
Project("{FAE04EC0-301F-11D3-BF4B-00C04F79EFBC}") = "Palmtree.Math.Core.Uint.CodeGen.VersionInfo", "Palmtree.Math.Core.Uint.CodeGen.VersionInfo\Palmtree.Math.Core.Uint.CodeGen.VersionInfo.csproj", "{D6482B0D-A40E-4515-B86D-4AAF4123E3C7}"
EndProject
Global
	GlobalSection(SolutionConfigurationPlatforms) = preSolution
		Debug|Any CPU = Debug|Any CPU
		Debug|x64 = Debug|x64
		Debug|x86 = Debug|x86
		Release|Any CPU = Release|Any CPU
		Release|x64 = Release|x64
		Release|x86 = Release|x86
	EndGlobalSection
	GlobalSection(ProjectConfigurationPlatforms) = postSolution
		{2B4D6366-1DD5-4E4D-920B-8FDDDF1AAAB9}.Debug|Any CPU.ActiveCfg = Debug|Win32
		{2B4D6366-1DD5-4E4D-920B-8FDDDF1AAAB9}.Debug|x64.ActiveCfg = Debug|x64
		{2B4D6366-1DD5-4E4D-920B-8FDDDF1AAAB9}.Debug|x64.Build.0 = Debug|x64
		{2B4D6366-1DD5-4E4D-920B-8FDDDF1AAAB9}.Debug|x86.ActiveCfg = Debug|Win32
		{2B4D6366-1DD5-4E4D-920B-8FDDDF1AAAB9}.Debug|x86.Build.0 = Debug|Win32
		{2B4D6366-1DD5-4E4D-920B-8FDDDF1AAAB9}.Release|Any CPU.ActiveCfg = Release|Win32
		{2B4D6366-1DD5-4E4D-920B-8FDDDF1AAAB9}.Release|x64.ActiveCfg = Release|x64
		{2B4D6366-1DD5-4E4D-920B-8FDDDF1AAAB9}.Release|x64.Build.0 = Release|x64
		{2B4D6366-1DD5-4E4D-920B-8FDDDF1AAAB9}.Release|x86.ActiveCfg = Release|Win32
		{2B4D6366-1DD5-4E4D-920B-8FDDDF1AAAB9}.Release|x86.Build.0 = Release|Win32
		{8A66F70A-1518-47CC-85D3-AB9236160C6A}.Debug|Any CPU.ActiveCfg = Debug|Win32
		{8A66F70A-1518-47CC-85D3-AB9236160C6A}.Debug|x64.ActiveCfg = Debug|x64
		{8A66F70A-1518-47CC-85D3-AB9236160C6A}.Debug|x64.Build.0 = Debug|x64
		{8A66F70A-1518-47CC-85D3-AB9236160C6A}.Debug|x86.ActiveCfg = Debug|Win32
		{8A66F70A-1518-47CC-85D3-AB9236160C6A}.Debug|x86.Build.0 = Debug|Win32
		{8A66F70A-1518-47CC-85D3-AB9236160C6A}.Release|Any CPU.ActiveCfg = Release|Win32
		{8A66F70A-1518-47CC-85D3-AB9236160C6A}.Release|x64.ActiveCfg = Release|x64
		{8A66F70A-1518-47CC-85D3-AB9236160C6A}.Release|x64.Build.0 = Release|x64
		{8A66F70A-1518-47CC-85D3-AB9236160C6A}.Release|x86.ActiveCfg = Release|Win32
		{8A66F70A-1518-47CC-85D3-AB9236160C6A}.Release|x86.Build.0 = Release|Win32
		{8A0F0C31-51F4-4292-AA04-FAF1A20590B7}.Debug|Any CPU.ActiveCfg = Debug|Any CPU
		{8A0F0C31-51F4-4292-AA04-FAF1A20590B7}.Debug|Any CPU.Build.0 = Debug|Any CPU
		{8A0F0C31-51F4-4292-AA04-FAF1A20590B7}.Debug|x64.ActiveCfg = Debug|Any CPU
		{8A0F0C31-51F4-4292-AA04-FAF1A20590B7}.Debug|x64.Build.0 = Debug|Any CPU
		{8A0F0C31-51F4-4292-AA04-FAF1A20590B7}.Debug|x86.ActiveCfg = Debug|Any CPU
		{8A0F0C31-51F4-4292-AA04-FAF1A20590B7}.Debug|x86.Build.0 = Debug|Any CPU
		{8A0F0C31-51F4-4292-AA04-FAF1A20590B7}.Release|Any CPU.ActiveCfg = Release|Any CPU
		{8A0F0C31-51F4-4292-AA04-FAF1A20590B7}.Release|Any CPU.Build.0 = Release|Any CPU
		{8A0F0C31-51F4-4292-AA04-FAF1A20590B7}.Release|x64.ActiveCfg = Release|Any CPU
		{8A0F0C31-51F4-4292-AA04-FAF1A20590B7}.Release|x64.Build.0 = Release|Any CPU
		{8A0F0C31-51F4-4292-AA04-FAF1A20590B7}.Release|x86.ActiveCfg = Release|Any CPU
		{8A0F0C31-51F4-4292-AA04-FAF1A20590B7}.Release|x86.Build.0 = Release|Any CPU
		{9A77A2BE-3529-45BA-A471-3294827AA7E0}.Debug|Any CPU.ActiveCfg = Debug|Any CPU
		{9A77A2BE-3529-45BA-A471-3294827AA7E0}.Debug|Any CPU.Build.0 = Debug|Any CPU
		{9A77A2BE-3529-45BA-A471-3294827AA7E0}.Debug|x64.ActiveCfg = Debug|Any CPU
		{9A77A2BE-3529-45BA-A471-3294827AA7E0}.Debug|x64.Build.0 = Debug|Any CPU
		{9A77A2BE-3529-45BA-A471-3294827AA7E0}.Debug|x86.ActiveCfg = Debug|Any CPU
		{9A77A2BE-3529-45BA-A471-3294827AA7E0}.Debug|x86.Build.0 = Debug|Any CPU
		{9A77A2BE-3529-45BA-A471-3294827AA7E0}.Release|Any CPU.ActiveCfg = Release|Any CPU
		{9A77A2BE-3529-45BA-A471-3294827AA7E0}.Release|Any CPU.Build.0 = Release|Any CPU
		{9A77A2BE-3529-45BA-A471-3294827AA7E0}.Release|x64.ActiveCfg = Release|Any CPU
		{9A77A2BE-3529-45BA-A471-3294827AA7E0}.Release|x64.Build.0 = Release|Any CPU
		{9A77A2BE-3529-45BA-A471-3294827AA7E0}.Release|x86.ActiveCfg = Release|Any CPU
		{9A77A2BE-3529-45BA-A471-3294827AA7E0}.Release|x86.Build.0 = Release|Any CPU
		{F2B6928E-DE8C-43A5-B1E3-C9423A5EB700}.Debug|Any CPU.ActiveCfg = Debug|Any CPU
		{F2B6928E-DE8C-43A5-B1E3-C9423A5EB700}.Debug|Any CPU.Build.0 = Debug|Any CPU
		{F2B6928E-DE8C-43A5-B1E3-C9423A5EB700}.Debug|x64.ActiveCfg = Debug|Any CPU
		{F2B6928E-DE8C-43A5-B1E3-C9423A5EB700}.Debug|x64.Build.0 = Debug|Any CPU
		{F2B6928E-DE8C-43A5-B1E3-C9423A5EB700}.Debug|x86.ActiveCfg = Debug|Any CPU
		{F2B6928E-DE8C-43A5-B1E3-C9423A5EB700}.Debug|x86.Build.0 = Debug|Any CPU
		{F2B6928E-DE8C-43A5-B1E3-C9423A5EB700}.Release|Any CPU.ActiveCfg = Release|Any CPU
		{F2B6928E-DE8C-43A5-B1E3-C9423A5EB700}.Release|Any CPU.Build.0 = Release|Any CPU
		{F2B6928E-DE8C-43A5-B1E3-C9423A5EB700}.Release|x64.ActiveCfg = Release|Any CPU
		{F2B6928E-DE8C-43A5-B1E3-C9423A5EB700}.Release|x64.Build.0 = Release|Any CPU
		{F2B6928E-DE8C-43A5-B1E3-C9423A5EB700}.Release|x86.ActiveCfg = Release|Any CPU
		{F2B6928E-DE8C-43A5-B1E3-C9423A5EB700}.Release|x86.Build.0 = Release|Any CPU
		{D6482B0D-A40E-4515-B86D-4AAF4123E3C7}.Debug|Any CPU.ActiveCfg = Debug|Any CPU
		{D6482B0D-A40E-4515-B86D-4AAF4123E3C7}.Debug|Any CPU.Build.0 = Debug|Any CPU
		{D6482B0D-A40E-4515-B86D-4AAF4123E3C7}.Debug|x64.ActiveCfg = Debug|Any CPU
		{D6482B0D-A40E-4515-B86D-4AAF4123E3C7}.Debug|x64.Build.0 = Debug|Any CPU
		{D6482B0D-A40E-4515-B86D-4AAF4123E3C7}.Debug|x86.ActiveCfg = Debug|Any CPU
		{D6482B0D-A40E-4515-B86D-4AAF4123E3C7}.Debug|x86.Build.0 = Debug|Any CPU
		{D6482B0D-A40E-4515-B86D-4AAF4123E3C7}.Release|Any CPU.ActiveCfg = Release|Any CPU
		{D6482B0D-A40E-4515-B86D-4AAF4123E3C7}.Release|Any CPU.Build.0 = Release|Any CPU
		{D6482B0D-A40E-4515-B86D-4AAF4123E3C7}.Release|x64.ActiveCfg = Release|Any CPU
		{D6482B0D-A40E-4515-B86D-4AAF4123E3C7}.Release|x64.Build.0 = Release|Any CPU
		{D6482B0D-A40E-4515-B86D-4AAF4123E3C7}.Release|x86.ActiveCfg = Release|Any CPU
		{D6482B0D-A40E-4515-B86D-4AAF4123E3C7}.Release|x86.Build.0 = Release|Any CPU
	EndGlobalSection
	GlobalSection(SolutionProperties) = preSolution
		HideSolutionNode = FALSE
	EndGlobalSection
	GlobalSection(ExtensibilityGlobals) = postSolution
		SolutionGuid = {93DD98D5-0724-4DEE-833B-A59878D7FD06}
	EndGlobalSection
EndGlobal
