<?xml version="1.0" encoding="utf-8"?>
<Project ToolsVersion="4.0" xmlns="http://schemas.microsoft.com/developer/msbuild/2003">
  <ItemGroup>
    <ClCompile Include="dllmain.c">
      <Filter>ソース ファイル</Filter>
    </ClCompile>
    <ClCompile Include="pmc_add.c">
      <Filter>ソース ファイル</Filter>
    </ClCompile>
    <ClCompile Include="pmc_to.c">
      <Filter>ソース ファイル</Filter>
    </ClCompile>
    <ClCompile Include="pmc_statistics.c">
      <Filter>ソース ファイル</Filter>
    </ClCompile>
    <ClCompile Include="pmc_initialize.c">
      <Filter>ソース ファイル</Filter>
    </ClCompile>
    <ClCompile Include="pmc_from.c">
      <Filter>ソース ファイル</Filter>
    </ClCompile>
    <ClCompile Include="pmc_subtruct.c">
      <Filter>ソース ファイル</Filter>
    </ClCompile>
    <ClCompile Include="pmc_multiply.c">
      <Filter>ソース ファイル</Filter>
    </ClCompile>
    <ClCompile Include="pmc_shift.c">
      <Filter>ソース ファイル</Filter>
    </ClCompile>
    <ClCompile Include="pmc_divrem.c">
      <Filter>ソース ファイル</Filter>
    </ClCompile>
    <ClCompile Include="debug.c">
      <Filter>ソース ファイル\テスト</Filter>
    </ClCompile>
    <ClCompile Include="TEST_op_Add.c">
      <Filter>ソース ファイル\テスト</Filter>
    </ClCompile>
    <ClCompile Include="TEST_op_DivRem.c">
      <Filter>ソース ファイル\テスト</Filter>
    </ClCompile>
    <ClCompile Include="TEST_op_From_To.c">
      <Filter>ソース ファイル\テスト</Filter>
    </ClCompile>
    <ClCompile Include="TEST_op_Multiply.c">
      <Filter>ソース ファイル\テスト</Filter>
    </ClCompile>
    <ClCompile Include="TEST_op_Shift.c">
      <Filter>ソース ファイル\テスト</Filter>
    </ClCompile>
    <ClCompile Include="TEST_op_Subtruct.c">
      <Filter>ソース ファイル\テスト</Filter>
    </ClCompile>
    <ClCompile Include="pmc_bitwiseand.c">
      <Filter>ソース ファイル</Filter>
    </ClCompile>
    <ClCompile Include="TEST_op_BitwiseAnd.c">
      <Filter>ソース ファイル\テスト</Filter>
    </ClCompile>
    <ClCompile Include="pmc_bitwiseor.c">
      <Filter>ソース ファイル</Filter>
    </ClCompile>
    <ClCompile Include="TEST_op_BitwiseOr.c">
      <Filter>ソース ファイル\テスト</Filter>
    </ClCompile>
    <ClCompile Include="pmc_exclusiveor.c">
      <Filter>ソース ファイル</Filter>
    </ClCompile>
    <ClCompile Include="TEST_op_ExclusiveOr.c">
      <Filter>ソース ファイル\テスト</Filter>
    </ClCompile>
    <ClCompile Include="TEST_op_Compare.c">
      <Filter>ソース ファイル\テスト</Filter>
    </ClCompile>
    <ClCompile Include="TEST_op_Equals.c">
      <Filter>ソース ファイル\テスト</Filter>
    </ClCompile>
    <ClCompile Include="pmc_compare.c">
      <Filter>ソース ファイル</Filter>
    </ClCompile>
    <ClCompile Include="pmc_equals.c">
      <Filter>ソース ファイル</Filter>
    </ClCompile>
    <ClCompile Include="cpuid.c">
      <Filter>ソース ファイル</Filter>
    </ClCompile>
    <ClCompile Include="pmc_parse.c">
      <Filter>ソース ファイル</Filter>
    </ClCompile>
    <ClCompile Include="pmc_tostring.c">
      <Filter>ソース ファイル</Filter>
    </ClCompile>
    <ClCompile Include="TEST_op_ToStringX.c">
      <Filter>ソース ファイル\テスト</Filter>
    </ClCompile>
    <ClCompile Include="TEST_op_ToStringD.c">
      <Filter>ソース ファイル\テスト</Filter>
    </ClCompile>
    <ClCompile Include="TEST_op_ToStringN.c">
      <Filter>ソース ファイル\テスト</Filter>
    </ClCompile>
    <ClCompile Include="TEST_op_ParseDN.c">
      <Filter>ソース ファイル\テスト</Filter>
    </ClCompile>
    <ClCompile Include="TEST_op_ParseX.c">
      <Filter>ソース ファイル\テスト</Filter>
    </ClCompile>
    <ClCompile Include="pmc_greatestcommondivisor.c">
      <Filter>ソース ファイル</Filter>
    </ClCompile>
    <ClCompile Include="TEST_op_GreatestCommonDivisor.c">
      <Filter>ソース ファイル\テスト</Filter>
    </ClCompile>
    <ClCompile Include="pmc_pow.c">
      <Filter>ソース ファイル</Filter>
    </ClCompile>
    <ClCompile Include="TEST_op_Pow.c">
      <Filter>ソース ファイル\テスト</Filter>
    </ClCompile>
    <ClCompile Include="pmc_bytes.c">
      <Filter>ソース ファイル</Filter>
    </ClCompile>
    <ClCompile Include="pmc_modpow.c">
      <Filter>ソース ファイル</Filter>
    </ClCompile>
    <ClCompile Include="TEST_op_ModPow.c">
      <Filter>ソース ファイル\テスト</Filter>
    </ClCompile>
    <ClCompile Include="INTERNALTEST_op_DivRem.c">
      <Filter>ソース ファイル\テスト</Filter>
    </ClCompile>
    <ClCompile Include="INTERNALTEST_op_Multiply.c">
      <Filter>ソース ファイル\テスト</Filter>
    </ClCompile>
    <ClCompile Include="pmc_clone.c">
      <Filter>ソース ファイル</Filter>
    </ClCompile>
    <ClCompile Include="TEST_op_Clone.c">
      <Filter>ソース ファイル\テスト</Filter>
    </ClCompile>
    <ClCompile Include="pmc_memory.c">
      <Filter>ソース ファイル</Filter>
    </ClCompile>
    <ClCompile Include="TEST_op_Remainder.c">
      <Filter>ソース ファイル\テスト</Filter>
    </ClCompile>
    <ClCompile Include="TEST_autogenerated_1.c">
      <Filter>ソース ファイル\テスト</Filter>
    </ClCompile>
    <ClCompile Include="TEST_autogenerated_2.c">
      <Filter>ソース ファイル\テスト</Filter>
    </ClCompile>
  </ItemGroup>
  <ItemGroup>
    <ClInclude Include="pmc_internal.h">
      <Filter>ヘッダー ファイル</Filter>
    </ClInclude>
    <ClInclude Include="autogenerated_inline_func.h">
      <Filter>ヘッダー ファイル</Filter>
    </ClInclude>
    <ClInclude Include="pmc_cpuid.h">
      <Filter>ヘッダー ファイル</Filter>
    </ClInclude>
    <ClInclude Include="resource.h" />
    <ClInclude Include="pmc_uint_internal.h">
      <Filter>ヘッダー ファイル</Filter>
    </ClInclude>
    <ClInclude Include="pmc_inline_func.h">
      <Filter>ヘッダー ファイル</Filter>
    </ClInclude>
    <ClInclude Include="pmc.h">
      <Filter>ヘッダー ファイル</Filter>
    </ClInclude>
    <ClInclude Include="pmc_uint_debug.h">
      <Filter>ヘッダー ファイル</Filter>
    </ClInclude>
    <ClInclude Include="pmc_uint.h">
      <Filter>ヘッダー ファイル</Filter>
    </ClInclude>
  </ItemGroup>
  <ItemGroup>
    <None Include="Palmtree.Math.Core.Uint.def" />
  </ItemGroup>
  <ItemGroup>
    <Filter Include="ヘッダー ファイル">
      <UniqueIdentifier>{2eb411fc-949e-4edb-b8a1-844c10338b18}</UniqueIdentifier>
    </Filter>
    <Filter Include="ソース ファイル">
      <UniqueIdentifier>{d13b7443-ba77-48dd-bdd1-aa0ff4cd3740}</UniqueIdentifier>
    </Filter>
    <Filter Include="リソース ファイル">
      <UniqueIdentifier>{980655e4-f703-409e-9727-d598fb455cce}</UniqueIdentifier>
    </Filter>
    <Filter Include="ソース ファイル\テスト">
      <UniqueIdentifier>{73456de2-e64d-43cf-88da-551790c8ffa1}</UniqueIdentifier>
    </Filter>
  </ItemGroup>
  <ItemGroup>
    <ResourceCompile Include="Palmtree.Math.Core.Uint.rc" />
  </ItemGroup>
  <ItemGroup>
    <Xml Include="mymakefile.xml" />
  </ItemGroup>
</Project>